
Microsoft Visual Studio Solution File, Format Version 12.00
# Visual Studio 2013
VisualStudioVersion = 12.0.30723.0
MinimumVisualStudioVersion = 10.0.40219.1
Project("{FAE04EC0-301F-11D3-BF4B-00C04F79EFBC}") = "Core", "Core\Core.csproj", "{E14EDBC0-E2F1-467F-BA91-FAE2D5981EDC}"
EndProject
Project("{FAE04EC0-301F-11D3-BF4B-00C04F79EFBC}") = "Tool", "Tool\Tool.csproj", "{A04305A5-6B98-4CAF-A27D-BB469F17E251}"
EndProject
Project("{FAE04EC0-301F-11D3-BF4B-00C04F79EFBC}") = "UnitTests", "UnitTests\UnitTests.csproj", "{CEDF2DAC-FEC4-4650-B06F-8BF1AB78C882}"
EndProject
Global
	GlobalSection(SolutionConfigurationPlatforms) = preSolution
		Debug|Any CPU = Debug|Any CPU
		Release|Any CPU = Release|Any CPU
	EndGlobalSection
	GlobalSection(ProjectConfigurationPlatforms) = postSolution
		{E14EDBC0-E2F1-467F-BA91-FAE2D5981EDC}.Debug|Any CPU.ActiveCfg = Debug|Any CPU
		{E14EDBC0-E2F1-467F-BA91-FAE2D5981EDC}.Debug|Any CPU.Build.0 = Debug|Any CPU
		{E14EDBC0-E2F1-467F-BA91-FAE2D5981EDC}.Release|Any CPU.ActiveCfg = Release|Any CPU
		{E14EDBC0-E2F1-467F-BA91-FAE2D5981EDC}.Release|Any CPU.Build.0 = Release|Any CPU
		{A04305A5-6B98-4CAF-A27D-BB469F17E251}.Debug|Any CPU.ActiveCfg = Debug|Any CPU
		{A04305A5-6B98-4CAF-A27D-BB469F17E251}.Debug|Any CPU.Build.0 = Debug|Any CPU
		{A04305A5-6B98-4CAF-A27D-BB469F17E251}.Release|Any CPU.ActiveCfg = Release|Any CPU
		{A04305A5-6B98-4CAF-A27D-BB469F17E251}.Release|Any CPU.Build.0 = Release|Any CPU
		{CEDF2DAC-FEC4-4650-B06F-8BF1AB78C882}.Debug|Any CPU.ActiveCfg = Debug|Any CPU
		{CEDF2DAC-FEC4-4650-B06F-8BF1AB78C882}.Debug|Any CPU.Build.0 = Debug|Any CPU
		{CEDF2DAC-FEC4-4650-B06F-8BF1AB78C882}.Release|Any CPU.ActiveCfg = Release|Any CPU
		{CEDF2DAC-FEC4-4650-B06F-8BF1AB78C882}.Release|Any CPU.Build.0 = Release|Any CPU
	EndGlobalSection
	GlobalSection(SolutionProperties) = preSolution
		HideSolutionNode = FALSE
	EndGlobalSection
EndGlobal
